// !$*UTF8*$!
{
	archiveVersion = 1;
	classes = {
	};
	objectVersion = 50;
	objects = {

/* Begin PBXBuildFile section */
		3E0DE6A224A50ABF001F1CFE /* ArticlesListClient.swift in Sources */ = {isa = PBXBuildFile; fileRef = 3E0DE6A124A50ABF001F1CFE /* ArticlesListClient.swift */; };
		3E0DE6A424A50ADA001F1CFE /* DefaultArticlesListClient.swift in Sources */ = {isa = PBXBuildFile; fileRef = 3E0DE6A324A50ADA001F1CFE /* DefaultArticlesListClient.swift */; };
		3E0DE6A624A50AEC001F1CFE /* DefaultArticlesListClientDependencies.swift in Sources */ = {isa = PBXBuildFile; fileRef = 3E0DE6A524A50AEC001F1CFE /* DefaultArticlesListClientDependencies.swift */; };
		3E0DE6A924A50D2D001F1CFE /* ArticlesRequest.swift in Sources */ = {isa = PBXBuildFile; fileRef = 3E0DE6A824A50D2D001F1CFE /* ArticlesRequest.swift */; };
		3E0DE6AD24A50D45001F1CFE /* CompactArticle.swift in Sources */ = {isa = PBXBuildFile; fileRef = 3E0DE6AC24A50D45001F1CFE /* CompactArticle.swift */; };
		3E14DDD024A3B93300226E5F /* ArticlesListViewController.swift in Sources */ = {isa = PBXBuildFile; fileRef = 3E14DDCF24A3B93300226E5F /* ArticlesListViewController.swift */; };
		3E14DDD224A3B94F00226E5F /* ArticlesList.storyboard in Resources */ = {isa = PBXBuildFile; fileRef = 3E14DDD124A3B94F00226E5F /* ArticlesList.storyboard */; };
		3E14DDD424A3B9FE00226E5F /* ArticlesListViewModel.swift in Sources */ = {isa = PBXBuildFile; fileRef = 3E14DDD324A3B9FE00226E5F /* ArticlesListViewModel.swift */; };
		3E14DDD624A3BA1400226E5F /* ArticlesListViewModelProtocol.swift in Sources */ = {isa = PBXBuildFile; fileRef = 3E14DDD524A3BA1400226E5F /* ArticlesListViewModelProtocol.swift */; };
		3E14DDD824A3BAB300226E5F /* ArticlesListRouterProtocol.swift in Sources */ = {isa = PBXBuildFile; fileRef = 3E14DDD724A3BAB300226E5F /* ArticlesListRouterProtocol.swift */; };
		3E14DDDA24A3BAC900226E5F /* ArticlesListRouter.swift in Sources */ = {isa = PBXBuildFile; fileRef = 3E14DDD924A3BAC900226E5F /* ArticlesListRouter.swift */; };
		3E14DDDD24A3C0E600226E5F /* ArticlesListCopies.swift in Sources */ = {isa = PBXBuildFile; fileRef = 3E14DDDC24A3C0E600226E5F /* ArticlesListCopies.swift */; };
		3E14DDDF24A3E03E00226E5F /* LoginClient.swift in Sources */ = {isa = PBXBuildFile; fileRef = 3E14DDDE24A3E03E00226E5F /* LoginClient.swift */; };
		3E14DDE224A3E08900226E5F /* LoginClientDependencies.swift in Sources */ = {isa = PBXBuildFile; fileRef = 3E14DDE124A3E08900226E5F /* LoginClientDependencies.swift */; };
		3E14DDE424A3E0CB00226E5F /* LoginViewModelDependencies.swift in Sources */ = {isa = PBXBuildFile; fileRef = 3E14DDE324A3E0CB00226E5F /* LoginViewModelDependencies.swift */; };
		3E209FCA249D4BF900C3FFAF /* HTTPClient.swift in Sources */ = {isa = PBXBuildFile; fileRef = 3E209FC9249D4BF900C3FFAF /* HTTPClient.swift */; };
		3E209FCC249D4CF000C3FFAF /* DefaultLoginClient.swift in Sources */ = {isa = PBXBuildFile; fileRef = 3E209FCB249D4CF000C3FFAF /* DefaultLoginClient.swift */; };
		3E209FCE249E136A00C3FFAF /* LoginRequest.swift in Sources */ = {isa = PBXBuildFile; fileRef = 3E209FCD249E136A00C3FFAF /* LoginRequest.swift */; };
		3E209FD0249E13A200C3FFAF /* LoginResponse.swift in Sources */ = {isa = PBXBuildFile; fileRef = 3E209FCF249E13A200C3FFAF /* LoginResponse.swift */; };
		3E209FD4249E18FC00C3FFAF /* LoginCredentials.swift in Sources */ = {isa = PBXBuildFile; fileRef = 3E209FD3249E18FC00C3FFAF /* LoginCredentials.swift */; };
		3E33165A249E1EDD00EE3F61 /* Endpoints.swift in Sources */ = {isa = PBXBuildFile; fileRef = 3E331659249E1EDD00EE3F61 /* Endpoints.swift */; };
		3E484C4F24A0C5BF0082B14C /* Requests.swift in Sources */ = {isa = PBXBuildFile; fileRef = 3E484C4E24A0C5BF0082B14C /* Requests.swift */; };
		3E484C5124A0F70B0082B14C /* CurrentFirstResponser.swift in Sources */ = {isa = PBXBuildFile; fileRef = 3E484C5024A0F70B0082B14C /* CurrentFirstResponser.swift */; };
		3E484C5324A0FD320082B14C /* AlertShowing.swift in Sources */ = {isa = PBXBuildFile; fileRef = 3E484C5224A0FD320082B14C /* AlertShowing.swift */; };
		3E484C5624A0FD8E0082B14C /* CommonCopies.swift in Sources */ = {isa = PBXBuildFile; fileRef = 3E484C5524A0FD8E0082B14C /* CommonCopies.swift */; };
		3E4CDE08249F661F0090B41C /* LoginRouter.swift in Sources */ = {isa = PBXBuildFile; fileRef = 3E4CDE07249F661F0090B41C /* LoginRouter.swift */; };
		3E4CDE0A249F6D100090B41C /* LoginViewModel.swift in Sources */ = {isa = PBXBuildFile; fileRef = 3E4CDE09249F6D100090B41C /* LoginViewModel.swift */; };
		3E4CDE0C249F6DA60090B41C /* LoginRouterProtocol.swift in Sources */ = {isa = PBXBuildFile; fileRef = 3E4CDE0B249F6DA60090B41C /* LoginRouterProtocol.swift */; };
		3E4CDE0E249F6E430090B41C /* LoginViewModelProtocol.swift in Sources */ = {isa = PBXBuildFile; fileRef = 3E4CDE0D249F6E430090B41C /* LoginViewModelProtocol.swift */; };
		3E4CDE11249F75420090B41C /* LoginCopies.swift in Sources */ = {isa = PBXBuildFile; fileRef = 3E4CDE10249F75420090B41C /* LoginCopies.swift */; };
		3E4CDE14249F7CCB0090B41C /* SessionManager.swift in Sources */ = {isa = PBXBuildFile; fileRef = 3E4CDE13249F7CCB0090B41C /* SessionManager.swift */; };
		3E4CDE16249F7CE50090B41C /* DefaultSessionManager.swift in Sources */ = {isa = PBXBuildFile; fileRef = 3E4CDE15249F7CE50090B41C /* DefaultSessionManager.swift */; };
		3E4CDE18249F81130090B41C /* LoginResult.swift in Sources */ = {isa = PBXBuildFile; fileRef = 3E4CDE17249F81130090B41C /* LoginResult.swift */; };
		3E5ADB0B249F57220076C7E8 /* LoginViewController.swift in Sources */ = {isa = PBXBuildFile; fileRef = 3E5ADB0A249F57220076C7E8 /* LoginViewController.swift */; };
		3E5ADB0D249F57360076C7E8 /* Login.storyboard in Resources */ = {isa = PBXBuildFile; fileRef = 3E5ADB0C249F57360076C7E8 /* Login.storyboard */; };
		3E8A3E2C249F4E8B0001D366 /* Storyboarded.swift in Sources */ = {isa = PBXBuildFile; fileRef = 3E8A3E2B249F4E8B0001D366 /* Storyboarded.swift */; };
		3E8A3E2E249F4FAE0001D366 /* UIStoryboard+instantiateViewController.swift in Sources */ = {isa = PBXBuildFile; fileRef = 3E8A3E2D249F4FAE0001D366 /* UIStoryboard+instantiateViewController.swift */; };
		3E8A3E33249F53350001D366 /* DefaultHTTPClient.swift in Sources */ = {isa = PBXBuildFile; fileRef = 3E8A3E32249F53350001D366 /* DefaultHTTPClient.swift */; };
		3E8AE86824A6497B001E9ACA /* Styles.swift in Sources */ = {isa = PBXBuildFile; fileRef = 3E8AE86724A6497B001E9ACA /* Styles.swift */; };
		3E9FFD3F24A1456A004CBB84 /* CredentialsStore.swift in Sources */ = {isa = PBXBuildFile; fileRef = 3E9FFD3E24A1456A004CBB84 /* CredentialsStore.swift */; };
		3E9FFD4124A1457C004CBB84 /* DefaultCredentialsStore.swift in Sources */ = {isa = PBXBuildFile; fileRef = 3E9FFD4024A1457C004CBB84 /* DefaultCredentialsStore.swift */; };
		3E9FFD4324A1481D004CBB84 /* Credential.swift in Sources */ = {isa = PBXBuildFile; fileRef = 3E9FFD4224A1481D004CBB84 /* Credential.swift */; };
		3E9FFD4A24A14C75004CBB84 /* RetrieveCredentialResult.swift in Sources */ = {isa = PBXBuildFile; fileRef = 3E9FFD4924A14C75004CBB84 /* RetrieveCredentialResult.swift */; };
		3EAC189D24A5F3EB0070B3DC /* Reusable.swift in Sources */ = {isa = PBXBuildFile; fileRef = 3EAC189C24A5F3EB0070B3DC /* Reusable.swift */; };
		3EAC18A124A5F5060070B3DC /* UITableviewView+DequeueCell.swift in Sources */ = {isa = PBXBuildFile; fileRef = 3EAC18A024A5F5060070B3DC /* UITableviewView+DequeueCell.swift */; };
		3EAC18A324A5F74B0070B3DC /* NibReusable.swift in Sources */ = {isa = PBXBuildFile; fileRef = 3EAC18A224A5F74B0070B3DC /* NibReusable.swift */; };
		3EAC18A524A5F9160070B3DC /* UITableView+RegisterCell.swift in Sources */ = {isa = PBXBuildFile; fileRef = 3EAC18A424A5F9160070B3DC /* UITableView+RegisterCell.swift */; };
		3EB1A32F24A14CDB009A62BD /* UpdateCredentialResult.swift in Sources */ = {isa = PBXBuildFile; fileRef = 3EB1A32E24A14CDB009A62BD /* UpdateCredentialResult.swift */; };
		3EB1A33124A1506C009A62BD /* RetrieveSessionResult.swift in Sources */ = {isa = PBXBuildFile; fileRef = 3EB1A33024A1506C009A62BD /* RetrieveSessionResult.swift */; };
		3EB1A33424A15266009A62BD /* SessionManagerError.swift in Sources */ = {isa = PBXBuildFile; fileRef = 3EB1A33324A15266009A62BD /* SessionManagerError.swift */; };
		3EB1A33624A152D8009A62BD /* CredentialsStoreError.swift in Sources */ = {isa = PBXBuildFile; fileRef = 3EB1A33524A152D8009A62BD /* CredentialsStoreError.swift */; };
		3EB1A33824A1600A009A62BD /* SimpleResult.swift in Sources */ = {isa = PBXBuildFile; fileRef = 3EB1A33724A1600A009A62BD /* SimpleResult.swift */; };
		3EB7410224A3A9E800B693C7 /* Coordinator.swift in Sources */ = {isa = PBXBuildFile; fileRef = 3EB7410124A3A9E800B693C7 /* Coordinator.swift */; };
		3EB7410424A3AA9500B693C7 /* MainCoordinator.swift in Sources */ = {isa = PBXBuildFile; fileRef = 3EB7410324A3AA9500B693C7 /* MainCoordinator.swift */; };
		3EB9EDD3249D3281008CB9FB /* AppDelegate.swift in Sources */ = {isa = PBXBuildFile; fileRef = 3EB9EDD2249D3281008CB9FB /* AppDelegate.swift */; };
		3EB9EDD5249D3281008CB9FB /* SceneDelegate.swift in Sources */ = {isa = PBXBuildFile; fileRef = 3EB9EDD4249D3281008CB9FB /* SceneDelegate.swift */; };
		3EB9EDDF249D3282008CB9FB /* Assets.xcassets in Resources */ = {isa = PBXBuildFile; fileRef = 3EB9EDDE249D3282008CB9FB /* Assets.xcassets */; };
		3EB9EDE2249D3282008CB9FB /* LaunchScreen.storyboard in Resources */ = {isa = PBXBuildFile; fileRef = 3EB9EDE0249D3282008CB9FB /* LaunchScreen.storyboard */; };
		3EB9EDED249D3283008CB9FB /* NewsAppTests.swift in Sources */ = {isa = PBXBuildFile; fileRef = 3EB9EDEC249D3283008CB9FB /* NewsAppTests.swift */; };
		3EB9EDFB249D363A008CB9FB /* APIRequest.swift in Sources */ = {isa = PBXBuildFile; fileRef = 3EB9EDFA249D363A008CB9FB /* APIRequest.swift */; };
		3EB9EDFD249D36AC008CB9FB /* HTTPMethods.swift in Sources */ = {isa = PBXBuildFile; fileRef = 3EB9EDFC249D36AC008CB9FB /* HTTPMethods.swift */; };
		3EB9EDFF249D3722008CB9FB /* HTTPEncoding.swift in Sources */ = {isa = PBXBuildFile; fileRef = 3EB9EDFE249D3722008CB9FB /* HTTPEncoding.swift */; };
		3EB9EE01249D3899008CB9FB /* NetworkResult.swift in Sources */ = {isa = PBXBuildFile; fileRef = 3EB9EE00249D3899008CB9FB /* NetworkResult.swift */; };
		3EB9EE03249D38D0008CB9FB /* ErrorTypes.swift in Sources */ = {isa = PBXBuildFile; fileRef = 3EB9EE02249D38D0008CB9FB /* ErrorTypes.swift */; };
		3ECBC9EC24A5FA1E00E1D76C /* ArticleCell.swift in Sources */ = {isa = PBXBuildFile; fileRef = 3ECBC9EB24A5FA1E00E1D76C /* ArticleCell.swift */; };
		3ECBC9EE24A5FA3900E1D76C /* ArticleCell.xib in Resources */ = {isa = PBXBuildFile; fileRef = 3ECBC9ED24A5FA3900E1D76C /* ArticleCell.xib */; };
		3ECBC9F224A628FF00E1D76C /* Observable.swift in Sources */ = {isa = PBXBuildFile; fileRef = 3ECBC9F124A628FF00E1D76C /* Observable.swift */; };
		3ED7418224A5492F00BD50A8 /* ArticlesListResponse.swift in Sources */ = {isa = PBXBuildFile; fileRef = 3ED7418124A5492F00BD50A8 /* ArticlesListResponse.swift */; };
		3ED7418424A54AD200BD50A8 /* ArticlesLIstViewModelDependencies.swift in Sources */ = {isa = PBXBuildFile; fileRef = 3ED7418324A54AD200BD50A8 /* ArticlesLIstViewModelDependencies.swift */; };
		3ED7418624A550A000BD50A8 /* Action.swift in Sources */ = {isa = PBXBuildFile; fileRef = 3ED7418524A550A000BD50A8 /* Action.swift */; };
		3EF0484F24A513F000A4E2C8 /* ArticlesListClientResult.swift in Sources */ = {isa = PBXBuildFile; fileRef = 3EF0484E24A513F000A4E2C8 /* ArticlesListClientResult.swift */; };
		3EF0485124A5146300A4E2C8 /* ArticlesListClientError.swift in Sources */ = {isa = PBXBuildFile; fileRef = 3EF0485024A5146300A4E2C8 /* ArticlesListClientError.swift */; };
		3EF0485324A51CEB00A4E2C8 /* DefaultHTTPClientDependencies.swift in Sources */ = {isa = PBXBuildFile; fileRef = 3EF0485224A51CEB00A4E2C8 /* DefaultHTTPClientDependencies.swift */; };
		3EF2C35E249E7D6C000E6635 /* HTTPStatus.swift in Sources */ = {isa = PBXBuildFile; fileRef = 3EF2C35D249E7D6C000E6635 /* HTTPStatus.swift */; };
/* End PBXBuildFile section */

/* Begin PBXContainerItemProxy section */
		3EB9EDE9249D3283008CB9FB /* PBXContainerItemProxy */ = {
			isa = PBXContainerItemProxy;
			containerPortal = 3EB9EDC7249D3281008CB9FB /* Project object */;
			proxyType = 1;
			remoteGlobalIDString = 3EB9EDCE249D3281008CB9FB;
			remoteInfo = NewsApp;
		};
/* End PBXContainerItemProxy section */

/* Begin PBXFileReference section */
		3E0DE6A124A50ABF001F1CFE /* ArticlesListClient.swift */ = {isa = PBXFileReference; lastKnownFileType = sourcecode.swift; path = ArticlesListClient.swift; sourceTree = "<group>"; };
		3E0DE6A324A50ADA001F1CFE /* DefaultArticlesListClient.swift */ = {isa = PBXFileReference; lastKnownFileType = sourcecode.swift; path = DefaultArticlesListClient.swift; sourceTree = "<group>"; };
		3E0DE6A524A50AEC001F1CFE /* DefaultArticlesListClientDependencies.swift */ = {isa = PBXFileReference; lastKnownFileType = sourcecode.swift; path = DefaultArticlesListClientDependencies.swift; sourceTree = "<group>"; };
		3E0DE6A824A50D2D001F1CFE /* ArticlesRequest.swift */ = {isa = PBXFileReference; lastKnownFileType = sourcecode.swift; path = ArticlesRequest.swift; sourceTree = "<group>"; };
		3E0DE6AC24A50D45001F1CFE /* CompactArticle.swift */ = {isa = PBXFileReference; lastKnownFileType = sourcecode.swift; path = CompactArticle.swift; sourceTree = "<group>"; };
		3E14DDCF24A3B93300226E5F /* ArticlesListViewController.swift */ = {isa = PBXFileReference; lastKnownFileType = sourcecode.swift; path = ArticlesListViewController.swift; sourceTree = "<group>"; };
		3E14DDD124A3B94F00226E5F /* ArticlesList.storyboard */ = {isa = PBXFileReference; lastKnownFileType = file.storyboard; path = ArticlesList.storyboard; sourceTree = "<group>"; };
		3E14DDD324A3B9FE00226E5F /* ArticlesListViewModel.swift */ = {isa = PBXFileReference; lastKnownFileType = sourcecode.swift; path = ArticlesListViewModel.swift; sourceTree = "<group>"; };
		3E14DDD524A3BA1400226E5F /* ArticlesListViewModelProtocol.swift */ = {isa = PBXFileReference; lastKnownFileType = sourcecode.swift; path = ArticlesListViewModelProtocol.swift; sourceTree = "<group>"; };
		3E14DDD724A3BAB300226E5F /* ArticlesListRouterProtocol.swift */ = {isa = PBXFileReference; lastKnownFileType = sourcecode.swift; path = ArticlesListRouterProtocol.swift; sourceTree = "<group>"; };
		3E14DDD924A3BAC900226E5F /* ArticlesListRouter.swift */ = {isa = PBXFileReference; lastKnownFileType = sourcecode.swift; path = ArticlesListRouter.swift; sourceTree = "<group>"; };
		3E14DDDC24A3C0E600226E5F /* ArticlesListCopies.swift */ = {isa = PBXFileReference; lastKnownFileType = sourcecode.swift; path = ArticlesListCopies.swift; sourceTree = "<group>"; };
		3E14DDDE24A3E03E00226E5F /* LoginClient.swift */ = {isa = PBXFileReference; lastKnownFileType = sourcecode.swift; path = LoginClient.swift; sourceTree = "<group>"; };
		3E14DDE124A3E08900226E5F /* LoginClientDependencies.swift */ = {isa = PBXFileReference; lastKnownFileType = sourcecode.swift; path = LoginClientDependencies.swift; sourceTree = "<group>"; };
		3E14DDE324A3E0CB00226E5F /* LoginViewModelDependencies.swift */ = {isa = PBXFileReference; lastKnownFileType = sourcecode.swift; path = LoginViewModelDependencies.swift; sourceTree = "<group>"; };
		3E209FC9249D4BF900C3FFAF /* HTTPClient.swift */ = {isa = PBXFileReference; lastKnownFileType = sourcecode.swift; path = HTTPClient.swift; sourceTree = "<group>"; };
		3E209FCB249D4CF000C3FFAF /* DefaultLoginClient.swift */ = {isa = PBXFileReference; lastKnownFileType = sourcecode.swift; path = DefaultLoginClient.swift; sourceTree = "<group>"; };
		3E209FCD249E136A00C3FFAF /* LoginRequest.swift */ = {isa = PBXFileReference; lastKnownFileType = sourcecode.swift; path = LoginRequest.swift; sourceTree = "<group>"; };
		3E209FCF249E13A200C3FFAF /* LoginResponse.swift */ = {isa = PBXFileReference; lastKnownFileType = sourcecode.swift; path = LoginResponse.swift; sourceTree = "<group>"; };
		3E209FD3249E18FC00C3FFAF /* LoginCredentials.swift */ = {isa = PBXFileReference; lastKnownFileType = sourcecode.swift; path = LoginCredentials.swift; sourceTree = "<group>"; };
		3E331659249E1EDD00EE3F61 /* Endpoints.swift */ = {isa = PBXFileReference; lastKnownFileType = sourcecode.swift; path = Endpoints.swift; sourceTree = "<group>"; };
		3E484C4E24A0C5BF0082B14C /* Requests.swift */ = {isa = PBXFileReference; lastKnownFileType = sourcecode.swift; path = Requests.swift; sourceTree = "<group>"; };
		3E484C5024A0F70B0082B14C /* CurrentFirstResponser.swift */ = {isa = PBXFileReference; lastKnownFileType = sourcecode.swift; path = CurrentFirstResponser.swift; sourceTree = "<group>"; };
		3E484C5224A0FD320082B14C /* AlertShowing.swift */ = {isa = PBXFileReference; lastKnownFileType = sourcecode.swift; path = AlertShowing.swift; sourceTree = "<group>"; };
		3E484C5524A0FD8E0082B14C /* CommonCopies.swift */ = {isa = PBXFileReference; lastKnownFileType = sourcecode.swift; path = CommonCopies.swift; sourceTree = "<group>"; };
		3E4CDE07249F661F0090B41C /* LoginRouter.swift */ = {isa = PBXFileReference; lastKnownFileType = sourcecode.swift; path = LoginRouter.swift; sourceTree = "<group>"; };
		3E4CDE09249F6D100090B41C /* LoginViewModel.swift */ = {isa = PBXFileReference; lastKnownFileType = sourcecode.swift; path = LoginViewModel.swift; sourceTree = "<group>"; };
		3E4CDE0B249F6DA60090B41C /* LoginRouterProtocol.swift */ = {isa = PBXFileReference; lastKnownFileType = sourcecode.swift; path = LoginRouterProtocol.swift; sourceTree = "<group>"; };
		3E4CDE0D249F6E430090B41C /* LoginViewModelProtocol.swift */ = {isa = PBXFileReference; lastKnownFileType = sourcecode.swift; path = LoginViewModelProtocol.swift; sourceTree = "<group>"; };
		3E4CDE10249F75420090B41C /* LoginCopies.swift */ = {isa = PBXFileReference; lastKnownFileType = sourcecode.swift; path = LoginCopies.swift; sourceTree = "<group>"; };
		3E4CDE13249F7CCB0090B41C /* SessionManager.swift */ = {isa = PBXFileReference; lastKnownFileType = sourcecode.swift; path = SessionManager.swift; sourceTree = "<group>"; };
		3E4CDE15249F7CE50090B41C /* DefaultSessionManager.swift */ = {isa = PBXFileReference; lastKnownFileType = sourcecode.swift; path = DefaultSessionManager.swift; sourceTree = "<group>"; };
		3E4CDE17249F81130090B41C /* LoginResult.swift */ = {isa = PBXFileReference; lastKnownFileType = sourcecode.swift; path = LoginResult.swift; sourceTree = "<group>"; };
		3E5ADB0A249F57220076C7E8 /* LoginViewController.swift */ = {isa = PBXFileReference; lastKnownFileType = sourcecode.swift; path = LoginViewController.swift; sourceTree = "<group>"; };
		3E5ADB0C249F57360076C7E8 /* Login.storyboard */ = {isa = PBXFileReference; lastKnownFileType = file.storyboard; path = Login.storyboard; sourceTree = "<group>"; };
		3E8A3E2B249F4E8B0001D366 /* Storyboarded.swift */ = {isa = PBXFileReference; lastKnownFileType = sourcecode.swift; path = Storyboarded.swift; sourceTree = "<group>"; };
		3E8A3E2D249F4FAE0001D366 /* UIStoryboard+instantiateViewController.swift */ = {isa = PBXFileReference; lastKnownFileType = sourcecode.swift; path = "UIStoryboard+instantiateViewController.swift"; sourceTree = "<group>"; };
		3E8A3E32249F53350001D366 /* DefaultHTTPClient.swift */ = {isa = PBXFileReference; lastKnownFileType = sourcecode.swift; path = DefaultHTTPClient.swift; sourceTree = "<group>"; };
		3E8AE86724A6497B001E9ACA /* Styles.swift */ = {isa = PBXFileReference; lastKnownFileType = sourcecode.swift; path = Styles.swift; sourceTree = "<group>"; };
		3E9FFD3E24A1456A004CBB84 /* CredentialsStore.swift */ = {isa = PBXFileReference; lastKnownFileType = sourcecode.swift; path = CredentialsStore.swift; sourceTree = "<group>"; };
		3E9FFD4024A1457C004CBB84 /* DefaultCredentialsStore.swift */ = {isa = PBXFileReference; lastKnownFileType = sourcecode.swift; path = DefaultCredentialsStore.swift; sourceTree = "<group>"; };
		3E9FFD4224A1481D004CBB84 /* Credential.swift */ = {isa = PBXFileReference; lastKnownFileType = sourcecode.swift; path = Credential.swift; sourceTree = "<group>"; };
		3E9FFD4924A14C75004CBB84 /* RetrieveCredentialResult.swift */ = {isa = PBXFileReference; lastKnownFileType = sourcecode.swift; path = RetrieveCredentialResult.swift; sourceTree = "<group>"; };
		3EAC189C24A5F3EB0070B3DC /* Reusable.swift */ = {isa = PBXFileReference; lastKnownFileType = sourcecode.swift; path = Reusable.swift; sourceTree = "<group>"; };
		3EAC18A024A5F5060070B3DC /* UITableviewView+DequeueCell.swift */ = {isa = PBXFileReference; lastKnownFileType = sourcecode.swift; path = "UITableviewView+DequeueCell.swift"; sourceTree = "<group>"; };
		3EAC18A224A5F74B0070B3DC /* NibReusable.swift */ = {isa = PBXFileReference; lastKnownFileType = sourcecode.swift; path = NibReusable.swift; sourceTree = "<group>"; };
		3EAC18A424A5F9160070B3DC /* UITableView+RegisterCell.swift */ = {isa = PBXFileReference; lastKnownFileType = sourcecode.swift; path = "UITableView+RegisterCell.swift"; sourceTree = "<group>"; };
		3EB1A32E24A14CDB009A62BD /* UpdateCredentialResult.swift */ = {isa = PBXFileReference; lastKnownFileType = sourcecode.swift; path = UpdateCredentialResult.swift; sourceTree = "<group>"; };
		3EB1A33024A1506C009A62BD /* RetrieveSessionResult.swift */ = {isa = PBXFileReference; lastKnownFileType = sourcecode.swift; path = RetrieveSessionResult.swift; sourceTree = "<group>"; };
		3EB1A33324A15266009A62BD /* SessionManagerError.swift */ = {isa = PBXFileReference; lastKnownFileType = sourcecode.swift; path = SessionManagerError.swift; sourceTree = "<group>"; };
		3EB1A33524A152D8009A62BD /* CredentialsStoreError.swift */ = {isa = PBXFileReference; lastKnownFileType = sourcecode.swift; path = CredentialsStoreError.swift; sourceTree = "<group>"; };
		3EB1A33724A1600A009A62BD /* SimpleResult.swift */ = {isa = PBXFileReference; lastKnownFileType = sourcecode.swift; path = SimpleResult.swift; sourceTree = "<group>"; };
		3EB7410124A3A9E800B693C7 /* Coordinator.swift */ = {isa = PBXFileReference; lastKnownFileType = sourcecode.swift; path = Coordinator.swift; sourceTree = "<group>"; };
		3EB7410324A3AA9500B693C7 /* MainCoordinator.swift */ = {isa = PBXFileReference; lastKnownFileType = sourcecode.swift; path = MainCoordinator.swift; sourceTree = "<group>"; };
		3EB9EDCF249D3281008CB9FB /* NewsApp.app */ = {isa = PBXFileReference; explicitFileType = wrapper.application; includeInIndex = 0; path = NewsApp.app; sourceTree = BUILT_PRODUCTS_DIR; };
		3EB9EDD2249D3281008CB9FB /* AppDelegate.swift */ = {isa = PBXFileReference; lastKnownFileType = sourcecode.swift; path = AppDelegate.swift; sourceTree = "<group>"; };
		3EB9EDD4249D3281008CB9FB /* SceneDelegate.swift */ = {isa = PBXFileReference; lastKnownFileType = sourcecode.swift; path = SceneDelegate.swift; sourceTree = "<group>"; };
		3EB9EDDE249D3282008CB9FB /* Assets.xcassets */ = {isa = PBXFileReference; lastKnownFileType = folder.assetcatalog; path = Assets.xcassets; sourceTree = "<group>"; };
		3EB9EDE1249D3282008CB9FB /* Base */ = {isa = PBXFileReference; lastKnownFileType = file.storyboard; name = Base; path = Base.lproj/LaunchScreen.storyboard; sourceTree = "<group>"; };
		3EB9EDE3249D3282008CB9FB /* Info.plist */ = {isa = PBXFileReference; lastKnownFileType = text.plist.xml; path = Info.plist; sourceTree = "<group>"; };
		3EB9EDE8249D3283008CB9FB /* NewsAppTests.xctest */ = {isa = PBXFileReference; explicitFileType = wrapper.cfbundle; includeInIndex = 0; path = NewsAppTests.xctest; sourceTree = BUILT_PRODUCTS_DIR; };
		3EB9EDEC249D3283008CB9FB /* NewsAppTests.swift */ = {isa = PBXFileReference; lastKnownFileType = sourcecode.swift; path = NewsAppTests.swift; sourceTree = "<group>"; };
		3EB9EDEE249D3283008CB9FB /* Info.plist */ = {isa = PBXFileReference; lastKnownFileType = text.plist.xml; path = Info.plist; sourceTree = "<group>"; };
		3EB9EDFA249D363A008CB9FB /* APIRequest.swift */ = {isa = PBXFileReference; lastKnownFileType = sourcecode.swift; path = APIRequest.swift; sourceTree = "<group>"; };
		3EB9EDFC249D36AC008CB9FB /* HTTPMethods.swift */ = {isa = PBXFileReference; lastKnownFileType = sourcecode.swift; path = HTTPMethods.swift; sourceTree = "<group>"; };
		3EB9EDFE249D3722008CB9FB /* HTTPEncoding.swift */ = {isa = PBXFileReference; lastKnownFileType = sourcecode.swift; path = HTTPEncoding.swift; sourceTree = "<group>"; };
		3EB9EE00249D3899008CB9FB /* NetworkResult.swift */ = {isa = PBXFileReference; lastKnownFileType = sourcecode.swift; path = NetworkResult.swift; sourceTree = "<group>"; };
		3EB9EE02249D38D0008CB9FB /* ErrorTypes.swift */ = {isa = PBXFileReference; lastKnownFileType = sourcecode.swift; path = ErrorTypes.swift; sourceTree = "<group>"; };
		3ECBC9EB24A5FA1E00E1D76C /* ArticleCell.swift */ = {isa = PBXFileReference; lastKnownFileType = sourcecode.swift; path = ArticleCell.swift; sourceTree = "<group>"; };
		3ECBC9ED24A5FA3900E1D76C /* ArticleCell.xib */ = {isa = PBXFileReference; lastKnownFileType = file.xib; path = ArticleCell.xib; sourceTree = "<group>"; };
		3ECBC9F124A628FF00E1D76C /* Observable.swift */ = {isa = PBXFileReference; lastKnownFileType = sourcecode.swift; path = Observable.swift; sourceTree = "<group>"; };
		3ED7418124A5492F00BD50A8 /* ArticlesListResponse.swift */ = {isa = PBXFileReference; lastKnownFileType = sourcecode.swift; path = ArticlesListResponse.swift; sourceTree = "<group>"; };
		3ED7418324A54AD200BD50A8 /* ArticlesLIstViewModelDependencies.swift */ = {isa = PBXFileReference; lastKnownFileType = sourcecode.swift; path = ArticlesLIstViewModelDependencies.swift; sourceTree = "<group>"; };
		3ED7418524A550A000BD50A8 /* Action.swift */ = {isa = PBXFileReference; lastKnownFileType = sourcecode.swift; path = Action.swift; sourceTree = "<group>"; };
		3EF0484E24A513F000A4E2C8 /* ArticlesListClientResult.swift */ = {isa = PBXFileReference; lastKnownFileType = sourcecode.swift; path = ArticlesListClientResult.swift; sourceTree = "<group>"; };
		3EF0485024A5146300A4E2C8 /* ArticlesListClientError.swift */ = {isa = PBXFileReference; lastKnownFileType = sourcecode.swift; path = ArticlesListClientError.swift; sourceTree = "<group>"; };
		3EF0485224A51CEB00A4E2C8 /* DefaultHTTPClientDependencies.swift */ = {isa = PBXFileReference; lastKnownFileType = sourcecode.swift; path = DefaultHTTPClientDependencies.swift; sourceTree = "<group>"; };
		3EF2C35D249E7D6C000E6635 /* HTTPStatus.swift */ = {isa = PBXFileReference; lastKnownFileType = sourcecode.swift; path = HTTPStatus.swift; sourceTree = "<group>"; };
/* End PBXFileReference section */

/* Begin PBXFrameworksBuildPhase section */
		3EB9EDCC249D3281008CB9FB /* Frameworks */ = {
			isa = PBXFrameworksBuildPhase;
			buildActionMask = 2147483647;
			files = (
			);
			runOnlyForDeploymentPostprocessing = 0;
		};
		3EB9EDE5249D3283008CB9FB /* Frameworks */ = {
			isa = PBXFrameworksBuildPhase;
			buildActionMask = 2147483647;
			files = (
			);
			runOnlyForDeploymentPostprocessing = 0;
		};
/* End PBXFrameworksBuildPhase section */

/* Begin PBXGroup section */
		3E0DE6A724A50CF2001F1CFE /* Reposotory Model */ = {
			isa = PBXGroup;
			children = (
				3E0DE6A824A50D2D001F1CFE /* ArticlesRequest.swift */,
				3ED7418124A5492F00BD50A8 /* ArticlesListResponse.swift */,
			);
			path = "Reposotory Model";
			sourceTree = "<group>";
		};
		3E14DDC824A3B88800226E5F /* View Modules */ = {
			isa = PBXGroup;
			children = (
				3E14DDC924A3B8A800226E5F /* ArticlesList */,
				3E209FD1249E13A600C3FFAF /* Login */,
			);
			path = "View Modules";
			sourceTree = "<group>";
		};
		3E14DDC924A3B8A800226E5F /* ArticlesList */ = {
			isa = PBXGroup;
			children = (
				3E14DDCA24A3B8B900226E5F /* View */,
				3E14DDCB24A3B8BF00226E5F /* ViewModel */,
				3E14DDCC24A3B8C600226E5F /* Model */,
				3E14DDCD24A3B8CC00226E5F /* Repository */,
				3E14DDCE24A3B8D800226E5F /* Router */,
			);
			path = ArticlesList;
			sourceTree = "<group>";
		};
		3E14DDCA24A3B8B900226E5F /* View */ = {
			isa = PBXGroup;
			children = (
				3E14DDDB24A3C0D500226E5F /* Copies */,
				3ECBC9EF24A5FA4000E1D76C /* Cells */,
				3E14DDCF24A3B93300226E5F /* ArticlesListViewController.swift */,
				3E14DDD124A3B94F00226E5F /* ArticlesList.storyboard */,
			);
			path = View;
			sourceTree = "<group>";
		};
		3E14DDCB24A3B8BF00226E5F /* ViewModel */ = {
			isa = PBXGroup;
			children = (
				3E14DDD324A3B9FE00226E5F /* ArticlesListViewModel.swift */,
				3E14DDD524A3BA1400226E5F /* ArticlesListViewModelProtocol.swift */,
				3ED7418324A54AD200BD50A8 /* ArticlesLIstViewModelDependencies.swift */,
			);
			path = ViewModel;
			sourceTree = "<group>";
		};
		3E14DDCC24A3B8C600226E5F /* Model */ = {
			isa = PBXGroup;
			children = (
				3E0DE6AC24A50D45001F1CFE /* CompactArticle.swift */,
			);
			path = Model;
			sourceTree = "<group>";
		};
		3E14DDCD24A3B8CC00226E5F /* Repository */ = {
			isa = PBXGroup;
			children = (
				3E0DE6A724A50CF2001F1CFE /* Reposotory Model */,
				3E0DE6A124A50ABF001F1CFE /* ArticlesListClient.swift */,
				3E0DE6A324A50ADA001F1CFE /* DefaultArticlesListClient.swift */,
				3E0DE6A524A50AEC001F1CFE /* DefaultArticlesListClientDependencies.swift */,
				3EF0484E24A513F000A4E2C8 /* ArticlesListClientResult.swift */,
				3EF0485024A5146300A4E2C8 /* ArticlesListClientError.swift */,
			);
			path = Repository;
			sourceTree = "<group>";
		};
		3E14DDCE24A3B8D800226E5F /* Router */ = {
			isa = PBXGroup;
			children = (
				3E14DDD724A3BAB300226E5F /* ArticlesListRouterProtocol.swift */,
				3E14DDD924A3BAC900226E5F /* ArticlesListRouter.swift */,
			);
			path = Router;
			sourceTree = "<group>";
		};
		3E14DDDB24A3C0D500226E5F /* Copies */ = {
			isa = PBXGroup;
			children = (
				3E14DDDC24A3C0E600226E5F /* ArticlesListCopies.swift */,
			);
			path = Copies;
			sourceTree = "<group>";
		};
		3E14DDE024A3E06000226E5F /* Model */ = {
			isa = PBXGroup;
			children = (
				3E209FCD249E136A00C3FFAF /* LoginRequest.swift */,
				3E209FCF249E13A200C3FFAF /* LoginResponse.swift */,
			);
			path = Model;
			sourceTree = "<group>";
		};
		3E209FD1249E13A600C3FFAF /* Login */ = {
			isa = PBXGroup;
			children = (
				3E8A3E31249F52960001D366 /* View */,
				3E8A3E28249F4D020001D366 /* ViewModel */,
				3E8A3E27249F4CCC0001D366 /* Model */,
				3EF2C360249E805D000E6635 /* Networking */,
				3E8A3E30249F52820001D366 /* Router */,
			);
			path = Login;
			sourceTree = "<group>";
		};
		3E209FD2249E186100C3FFAF /* Networking */ = {
			isa = PBXGroup;
			children = (
				3EF2C35F249E8030000E6635 /* Constants */,
				3EB9EDFA249D363A008CB9FB /* APIRequest.swift */,
				3EB9EDFE249D3722008CB9FB /* HTTPEncoding.swift */,
				3EB9EE00249D3899008CB9FB /* NetworkResult.swift */,
				3E209FC9249D4BF900C3FFAF /* HTTPClient.swift */,
				3E331659249E1EDD00EE3F61 /* Endpoints.swift */,
				3E8A3E32249F53350001D366 /* DefaultHTTPClient.swift */,
				3EF0485224A51CEB00A4E2C8 /* DefaultHTTPClientDependencies.swift */,
			);
			name = Networking;
			path = Repository/Networking;
			sourceTree = "<group>";
		};
		3E484C4D24A0C5980082B14C /* Typealias */ = {
			isa = PBXGroup;
			children = (
				3E484C4E24A0C5BF0082B14C /* Requests.swift */,
				3ED7418524A550A000BD50A8 /* Action.swift */,
			);
			path = Typealias;
			sourceTree = "<group>";
		};
		3E484C5424A0FD7D0082B14C /* Copies */ = {
			isa = PBXGroup;
			children = (
				3E484C5524A0FD8E0082B14C /* CommonCopies.swift */,
			);
			path = Copies;
			sourceTree = "<group>";
		};
		3E484C5724A0FE840082B14C /* Copies */ = {
			isa = PBXGroup;
			children = (
				3E4CDE10249F75420090B41C /* LoginCopies.swift */,
			);
			path = Copies;
			sourceTree = "<group>";
		};
		3E4CDE12249F7CB50090B41C /* SessionManager */ = {
			isa = PBXGroup;
			children = (
				3E9FFD3D24A14555004CBB84 /* StoreManager */,
				3E4CDE13249F7CCB0090B41C /* SessionManager.swift */,
				3E4CDE15249F7CE50090B41C /* DefaultSessionManager.swift */,
				3EB1A33324A15266009A62BD /* SessionManagerError.swift */,
				3EB1A33024A1506C009A62BD /* RetrieveSessionResult.swift */,
			);
			path = SessionManager;
			sourceTree = "<group>";
		};
		3E8A3E27249F4CCC0001D366 /* Model */ = {
			isa = PBXGroup;
			children = (
				3E209FD3249E18FC00C3FFAF /* LoginCredentials.swift */,
			);
			path = Model;
			sourceTree = "<group>";
		};
		3E8A3E28249F4D020001D366 /* ViewModel */ = {
			isa = PBXGroup;
			children = (
				3E4CDE09249F6D100090B41C /* LoginViewModel.swift */,
				3E4CDE0D249F6E430090B41C /* LoginViewModelProtocol.swift */,
				3E4CDE17249F81130090B41C /* LoginResult.swift */,
				3E14DDE324A3E0CB00226E5F /* LoginViewModelDependencies.swift */,
			);
			path = ViewModel;
			sourceTree = "<group>";
		};
		3E8A3E2A249F4E6B0001D366 /* Extensions */ = {
			isa = PBXGroup;
			children = (
				3E8A3E2D249F4FAE0001D366 /* UIStoryboard+instantiateViewController.swift */,
			);
			path = Extensions;
			sourceTree = "<group>";
		};
		3E8A3E2F249F50B60001D366 /* View */ = {
			isa = PBXGroup;
			children = (
				3EAC189B24A5F3D80070B3DC /* Cells */,
				3E8A3E2B249F4E8B0001D366 /* Storyboarded.swift */,
				3E484C5024A0F70B0082B14C /* CurrentFirstResponser.swift */,
				3E484C5224A0FD320082B14C /* AlertShowing.swift */,
			);
			path = View;
			sourceTree = "<group>";
		};
		3E8A3E30249F52820001D366 /* Router */ = {
			isa = PBXGroup;
			children = (
				3E4CDE07249F661F0090B41C /* LoginRouter.swift */,
				3E4CDE0B249F6DA60090B41C /* LoginRouterProtocol.swift */,
			);
			path = Router;
			sourceTree = "<group>";
		};
		3E8A3E31249F52960001D366 /* View */ = {
			isa = PBXGroup;
			children = (
				3E484C5724A0FE840082B14C /* Copies */,
				3E5ADB0A249F57220076C7E8 /* LoginViewController.swift */,
				3E5ADB0C249F57360076C7E8 /* Login.storyboard */,
			);
			path = View;
			sourceTree = "<group>";
		};
		3E8A3E34249F537C0001D366 /* Enums */ = {
			isa = PBXGroup;
			children = (
				3EB9EE02249D38D0008CB9FB /* ErrorTypes.swift */,
			);
			path = Enums;
			sourceTree = "<group>";
		};
		3E8AE86624A64963001E9ACA /* Styles */ = {
			isa = PBXGroup;
			children = (
				3E8AE86724A6497B001E9ACA /* Styles.swift */,
			);
			path = Styles;
			sourceTree = "<group>";
		};
		3E9FFD3D24A14555004CBB84 /* StoreManager */ = {
			isa = PBXGroup;
			children = (
				3E9FFD4624A149AD004CBB84 /* Result */,
				3E9FFD3E24A1456A004CBB84 /* CredentialsStore.swift */,
				3E9FFD4024A1457C004CBB84 /* DefaultCredentialsStore.swift */,
				3E9FFD4224A1481D004CBB84 /* Credential.swift */,
				3EB1A33524A152D8009A62BD /* CredentialsStoreError.swift */,
			);
			path = StoreManager;
			sourceTree = "<group>";
		};
		3E9FFD4624A149AD004CBB84 /* Result */ = {
			isa = PBXGroup;
			children = (
				3E9FFD4924A14C75004CBB84 /* RetrieveCredentialResult.swift */,
				3EB1A32E24A14CDB009A62BD /* UpdateCredentialResult.swift */,
			);
			path = Result;
			sourceTree = "<group>";
		};
		3EAC189B24A5F3D80070B3DC /* Cells */ = {
			isa = PBXGroup;
			children = (
				3EAC18A024A5F5060070B3DC /* UITableviewView+DequeueCell.swift */,
				3EAC18A424A5F9160070B3DC /* UITableView+RegisterCell.swift */,
				3EAC189C24A5F3EB0070B3DC /* Reusable.swift */,
				3EAC18A224A5F74B0070B3DC /* NibReusable.swift */,
			);
			path = Cells;
			sourceTree = "<group>";
		};
		3EB7410024A3A9CE00B693C7 /* Coordinator */ = {
			isa = PBXGroup;
			children = (
				3EB7410124A3A9E800B693C7 /* Coordinator.swift */,
				3EB7410324A3AA9500B693C7 /* MainCoordinator.swift */,
			);
			path = Coordinator;
			sourceTree = "<group>";
		};
		3EB9EDC6249D3281008CB9FB = {
			isa = PBXGroup;
			children = (
				3EB9EDD1249D3281008CB9FB /* NewsApp */,
				3EB9EDEB249D3283008CB9FB /* NewsAppTests */,
				3EB9EDD0249D3281008CB9FB /* Products */,
			);
			sourceTree = "<group>";
		};
		3EB9EDD0249D3281008CB9FB /* Products */ = {
			isa = PBXGroup;
			children = (
				3EB9EDCF249D3281008CB9FB /* NewsApp.app */,
				3EB9EDE8249D3283008CB9FB /* NewsAppTests.xctest */,
			);
			name = Products;
			sourceTree = "<group>";
		};
		3EB9EDD1249D3281008CB9FB /* NewsApp */ = {
			isa = PBXGroup;
			children = (
				3E14DDC824A3B88800226E5F /* View Modules */,
				3EB7410024A3A9CE00B693C7 /* Coordinator */,
				3E4CDE12249F7CB50090B41C /* SessionManager */,
				3E209FD2249E186100C3FFAF /* Networking */,
				3EF2C361249E81CC000E6635 /* Commons */,
				3EB9EDD2249D3281008CB9FB /* AppDelegate.swift */,
				3EB9EDD4249D3281008CB9FB /* SceneDelegate.swift */,
				3EB9EDDE249D3282008CB9FB /* Assets.xcassets */,
				3EB9EDE0249D3282008CB9FB /* LaunchScreen.storyboard */,
				3EB9EDE3249D3282008CB9FB /* Info.plist */,
			);
			path = NewsApp;
			sourceTree = "<group>";
		};
		3EB9EDEB249D3283008CB9FB /* NewsAppTests */ = {
			isa = PBXGroup;
			children = (
				3EB9EDEC249D3283008CB9FB /* NewsAppTests.swift */,
				3EB9EDEE249D3283008CB9FB /* Info.plist */,
			);
			path = NewsAppTests;
			sourceTree = "<group>";
		};
		3ECBC9EF24A5FA4000E1D76C /* Cells */ = {
			isa = PBXGroup;
			children = (
				3E8AE86624A64963001E9ACA /* Styles */,
				3ECBC9EB24A5FA1E00E1D76C /* ArticleCell.swift */,
				3ECBC9ED24A5FA3900E1D76C /* ArticleCell.xib */,
			);
			path = Cells;
			sourceTree = "<group>";
		};
		3ECBC9F024A6282E00E1D76C /* Binding */ = {
			isa = PBXGroup;
			children = (
				3ECBC9F124A628FF00E1D76C /* Observable.swift */,
			);
			path = Binding;
			sourceTree = "<group>";
		};
		3EF2C35F249E8030000E6635 /* Constants */ = {
			isa = PBXGroup;
			children = (
				3EB9EDFC249D36AC008CB9FB /* HTTPMethods.swift */,
				3EF2C35D249E7D6C000E6635 /* HTTPStatus.swift */,
			);
			path = Constants;
			sourceTree = "<group>";
		};
		3EF2C360249E805D000E6635 /* Networking */ = {
			isa = PBXGroup;
			children = (
				3E14DDE024A3E06000226E5F /* Model */,
				3E209FCB249D4CF000C3FFAF /* DefaultLoginClient.swift */,
				3E14DDDE24A3E03E00226E5F /* LoginClient.swift */,
				3E14DDE124A3E08900226E5F /* LoginClientDependencies.swift */,
			);
			path = Networking;
			sourceTree = "<group>";
		};
		3EF2C361249E81CC000E6635 /* Commons */ = {
			isa = PBXGroup;
			children = (
				3ECBC9F024A6282E00E1D76C /* Binding */,
				3E484C5424A0FD7D0082B14C /* Copies */,
				3E8A3E34249F537C0001D366 /* Enums */,
				3E8A3E2A249F4E6B0001D366 /* Extensions */,
				3E484C4D24A0C5980082B14C /* Typealias */,
				3E8A3E2F249F50B60001D366 /* View */,
				3EB1A33724A1600A009A62BD /* SimpleResult.swift */,
			);
			path = Commons;
			sourceTree = "<group>";
		};
/* End PBXGroup section */

/* Begin PBXNativeTarget section */
		3EB9EDCE249D3281008CB9FB /* NewsApp */ = {
			isa = PBXNativeTarget;
			buildConfigurationList = 3EB9EDF1249D3283008CB9FB /* Build configuration list for PBXNativeTarget "NewsApp" */;
			buildPhases = (
				3EB9EDCB249D3281008CB9FB /* Sources */,
				3EB9EDCC249D3281008CB9FB /* Frameworks */,
				3EB9EDCD249D3281008CB9FB /* Resources */,
			);
			buildRules = (
			);
			dependencies = (
			);
			name = NewsApp;
			productName = NewsApp;
			productReference = 3EB9EDCF249D3281008CB9FB /* NewsApp.app */;
			productType = "com.apple.product-type.application";
		};
		3EB9EDE7249D3283008CB9FB /* NewsAppTests */ = {
			isa = PBXNativeTarget;
			buildConfigurationList = 3EB9EDF4249D3283008CB9FB /* Build configuration list for PBXNativeTarget "NewsAppTests" */;
			buildPhases = (
				3EB9EDE4249D3283008CB9FB /* Sources */,
				3EB9EDE5249D3283008CB9FB /* Frameworks */,
				3EB9EDE6249D3283008CB9FB /* Resources */,
			);
			buildRules = (
			);
			dependencies = (
				3EB9EDEA249D3283008CB9FB /* PBXTargetDependency */,
			);
			name = NewsAppTests;
			productName = NewsAppTests;
			productReference = 3EB9EDE8249D3283008CB9FB /* NewsAppTests.xctest */;
			productType = "com.apple.product-type.bundle.unit-test";
		};
/* End PBXNativeTarget section */

/* Begin PBXProject section */
		3EB9EDC7249D3281008CB9FB /* Project object */ = {
			isa = PBXProject;
			attributes = {
				LastSwiftUpdateCheck = 1110;
				LastUpgradeCheck = 1110;
				ORGANIZATIONNAME = "HARUTYUNYAN LAPUSHNYAN Garnik";
				TargetAttributes = {
					3EB9EDCE249D3281008CB9FB = {
						CreatedOnToolsVersion = 11.1;
					};
					3EB9EDE7249D3283008CB9FB = {
						CreatedOnToolsVersion = 11.1;
						TestTargetID = 3EB9EDCE249D3281008CB9FB;
					};
				};
			};
			buildConfigurationList = 3EB9EDCA249D3281008CB9FB /* Build configuration list for PBXProject "NewsApp" */;
			compatibilityVersion = "Xcode 9.3";
			developmentRegion = en;
			hasScannedForEncodings = 0;
			knownRegions = (
				en,
				Base,
			);
			mainGroup = 3EB9EDC6249D3281008CB9FB;
			productRefGroup = 3EB9EDD0249D3281008CB9FB /* Products */;
			projectDirPath = "";
			projectRoot = "";
			targets = (
				3EB9EDCE249D3281008CB9FB /* NewsApp */,
				3EB9EDE7249D3283008CB9FB /* NewsAppTests */,
			);
		};
/* End PBXProject section */

/* Begin PBXResourcesBuildPhase section */
		3EB9EDCD249D3281008CB9FB /* Resources */ = {
			isa = PBXResourcesBuildPhase;
			buildActionMask = 2147483647;
			files = (
				3E5ADB0D249F57360076C7E8 /* Login.storyboard in Resources */,
				3EB9EDE2249D3282008CB9FB /* LaunchScreen.storyboard in Resources */,
				3EB9EDDF249D3282008CB9FB /* Assets.xcassets in Resources */,
				3ECBC9EE24A5FA3900E1D76C /* ArticleCell.xib in Resources */,
				3E14DDD224A3B94F00226E5F /* ArticlesList.storyboard in Resources */,
			);
			runOnlyForDeploymentPostprocessing = 0;
		};
		3EB9EDE6249D3283008CB9FB /* Resources */ = {
			isa = PBXResourcesBuildPhase;
			buildActionMask = 2147483647;
			files = (
			);
			runOnlyForDeploymentPostprocessing = 0;
		};
/* End PBXResourcesBuildPhase section */

/* Begin PBXSourcesBuildPhase section */
		3EB9EDCB249D3281008CB9FB /* Sources */ = {
			isa = PBXSourcesBuildPhase;
			buildActionMask = 2147483647;
			files = (
				3E4CDE0C249F6DA60090B41C /* LoginRouterProtocol.swift in Sources */,
				3EB9EE01249D3899008CB9FB /* NetworkResult.swift in Sources */,
				3E484C5124A0F70B0082B14C /* CurrentFirstResponser.swift in Sources */,
				3E14DDD024A3B93300226E5F /* ArticlesListViewController.swift in Sources */,
				3E4CDE11249F75420090B41C /* LoginCopies.swift in Sources */,
				3E14DDD624A3BA1400226E5F /* ArticlesListViewModelProtocol.swift in Sources */,
				3E484C5324A0FD320082B14C /* AlertShowing.swift in Sources */,
				3E4CDE14249F7CCB0090B41C /* SessionManager.swift in Sources */,
				3E14DDE224A3E08900226E5F /* LoginClientDependencies.swift in Sources */,
				3EB1A33824A1600A009A62BD /* SimpleResult.swift in Sources */,
				3EB1A33624A152D8009A62BD /* CredentialsStoreError.swift in Sources */,
				3EB9EE03249D38D0008CB9FB /* ErrorTypes.swift in Sources */,
				3EB1A33424A15266009A62BD /* SessionManagerError.swift in Sources */,
				3E9FFD3F24A1456A004CBB84 /* CredentialsStore.swift in Sources */,
				3E209FCE249E136A00C3FFAF /* LoginRequest.swift in Sources */,
				3E4CDE18249F81130090B41C /* LoginResult.swift in Sources */,
				3EB1A32F24A14CDB009A62BD /* UpdateCredentialResult.swift in Sources */,
				3E9FFD4324A1481D004CBB84 /* Credential.swift in Sources */,
				3EF0485124A5146300A4E2C8 /* ArticlesListClientError.swift in Sources */,
				3E14DDE424A3E0CB00226E5F /* LoginViewModelDependencies.swift in Sources */,
				3EAC18A324A5F74B0070B3DC /* NibReusable.swift in Sources */,
				3EB1A33124A1506C009A62BD /* RetrieveSessionResult.swift in Sources */,
				3E14DDD424A3B9FE00226E5F /* ArticlesListViewModel.swift in Sources */,
				3E9FFD4A24A14C75004CBB84 /* RetrieveCredentialResult.swift in Sources */,
				3E14DDD824A3BAB300226E5F /* ArticlesListRouterProtocol.swift in Sources */,
				3E14DDDA24A3BAC900226E5F /* ArticlesListRouter.swift in Sources */,
				3ED7418624A550A000BD50A8 /* Action.swift in Sources */,
				3E4CDE16249F7CE50090B41C /* DefaultSessionManager.swift in Sources */,
				3EF2C35E249E7D6C000E6635 /* HTTPStatus.swift in Sources */,
				3E484C5624A0FD8E0082B14C /* CommonCopies.swift in Sources */,
				3E33165A249E1EDD00EE3F61 /* Endpoints.swift in Sources */,
				3EB9EDFD249D36AC008CB9FB /* HTTPMethods.swift in Sources */,
				3ECBC9EC24A5FA1E00E1D76C /* ArticleCell.swift in Sources */,
				3ED7418224A5492F00BD50A8 /* ArticlesListResponse.swift in Sources */,
				3E8A3E33249F53350001D366 /* DefaultHTTPClient.swift in Sources */,
				3E0DE6A924A50D2D001F1CFE /* ArticlesRequest.swift in Sources */,
				3E484C4F24A0C5BF0082B14C /* Requests.swift in Sources */,
				3E5ADB0B249F57220076C7E8 /* LoginViewController.swift in Sources */,
				3E0DE6AD24A50D45001F1CFE /* CompactArticle.swift in Sources */,
				3EB9EDD3249D3281008CB9FB /* AppDelegate.swift in Sources */,
				3EAC18A124A5F5060070B3DC /* UITableviewView+DequeueCell.swift in Sources */,
				3EF0485324A51CEB00A4E2C8 /* DefaultHTTPClientDependencies.swift in Sources */,
				3E8A3E2C249F4E8B0001D366 /* Storyboarded.swift in Sources */,
				3E209FD0249E13A200C3FFAF /* LoginResponse.swift in Sources */,
				3EAC18A524A5F9160070B3DC /* UITableView+RegisterCell.swift in Sources */,
				3E8A3E2E249F4FAE0001D366 /* UIStoryboard+instantiateViewController.swift in Sources */,
				3E14DDDD24A3C0E600226E5F /* ArticlesListCopies.swift in Sources */,
				3ECBC9F224A628FF00E1D76C /* Observable.swift in Sources */,
				3E209FD4249E18FC00C3FFAF /* LoginCredentials.swift in Sources */,
				3E14DDDF24A3E03E00226E5F /* LoginClient.swift in Sources */,
				3E0DE6A424A50ADA001F1CFE /* DefaultArticlesListClient.swift in Sources */,
				3EB9EDFF249D3722008CB9FB /* HTTPEncoding.swift in Sources */,
				3E209FCC249D4CF000C3FFAF /* DefaultLoginClient.swift in Sources */,
				3EB7410224A3A9E800B693C7 /* Coordinator.swift in Sources */,
				3ED7418424A54AD200BD50A8 /* ArticlesLIstViewModelDependencies.swift in Sources */,
				3E9FFD4124A1457C004CBB84 /* DefaultCredentialsStore.swift in Sources */,
				3EF0484F24A513F000A4E2C8 /* ArticlesListClientResult.swift in Sources */,
				3EB9EDFB249D363A008CB9FB /* APIRequest.swift in Sources */,
				3E0DE6A224A50ABF001F1CFE /* ArticlesListClient.swift in Sources */,
				3EB7410424A3AA9500B693C7 /* MainCoordinator.swift in Sources */,
				3EB9EDD5249D3281008CB9FB /* SceneDelegate.swift in Sources */,
				3E4CDE08249F661F0090B41C /* LoginRouter.swift in Sources */,
				3E4CDE0E249F6E430090B41C /* LoginViewModelProtocol.swift in Sources */,
				3E8AE86824A6497B001E9ACA /* Styles.swift in Sources */,
				3E209FCA249D4BF900C3FFAF /* HTTPClient.swift in Sources */,
				3E4CDE0A249F6D100090B41C /* LoginViewModel.swift in Sources */,
				3E0DE6A624A50AEC001F1CFE /* DefaultArticlesListClientDependencies.swift in Sources */,
				3EAC189D24A5F3EB0070B3DC /* Reusable.swift in Sources */,
			);
			runOnlyForDeploymentPostprocessing = 0;
		};
		3EB9EDE4249D3283008CB9FB /* Sources */ = {
			isa = PBXSourcesBuildPhase;
			buildActionMask = 2147483647;
			files = (
				3EB9EDED249D3283008CB9FB /* NewsAppTests.swift in Sources */,
			);
			runOnlyForDeploymentPostprocessing = 0;
		};
/* End PBXSourcesBuildPhase section */

/* Begin PBXTargetDependency section */
		3EB9EDEA249D3283008CB9FB /* PBXTargetDependency */ = {
			isa = PBXTargetDependency;
			target = 3EB9EDCE249D3281008CB9FB /* NewsApp */;
			targetProxy = 3EB9EDE9249D3283008CB9FB /* PBXContainerItemProxy */;
		};
/* End PBXTargetDependency section */

/* Begin PBXVariantGroup section */
		3EB9EDE0249D3282008CB9FB /* LaunchScreen.storyboard */ = {
			isa = PBXVariantGroup;
			children = (
				3EB9EDE1249D3282008CB9FB /* Base */,
			);
			name = LaunchScreen.storyboard;
			sourceTree = "<group>";
		};
/* End PBXVariantGroup section */

/* Begin XCBuildConfiguration section */
		3EB9EDEF249D3283008CB9FB /* Debug */ = {
			isa = XCBuildConfiguration;
			buildSettings = {
				ALWAYS_SEARCH_USER_PATHS = NO;
				CLANG_ANALYZER_NONNULL = YES;
				CLANG_ANALYZER_NUMBER_OBJECT_CONVERSION = YES_AGGRESSIVE;
				CLANG_CXX_LANGUAGE_STANDARD = "gnu++14";
				CLANG_CXX_LIBRARY = "libc++";
				CLANG_ENABLE_MODULES = YES;
				CLANG_ENABLE_OBJC_ARC = YES;
				CLANG_ENABLE_OBJC_WEAK = YES;
				CLANG_WARN_BLOCK_CAPTURE_AUTORELEASING = YES;
				CLANG_WARN_BOOL_CONVERSION = YES;
				CLANG_WARN_COMMA = YES;
				CLANG_WARN_CONSTANT_CONVERSION = YES;
				CLANG_WARN_DEPRECATED_OBJC_IMPLEMENTATIONS = YES;
				CLANG_WARN_DIRECT_OBJC_ISA_USAGE = YES_ERROR;
				CLANG_WARN_DOCUMENTATION_COMMENTS = YES;
				CLANG_WARN_EMPTY_BODY = YES;
				CLANG_WARN_ENUM_CONVERSION = YES;
				CLANG_WARN_INFINITE_RECURSION = YES;
				CLANG_WARN_INT_CONVERSION = YES;
				CLANG_WARN_NON_LITERAL_NULL_CONVERSION = YES;
				CLANG_WARN_OBJC_IMPLICIT_RETAIN_SELF = YES;
				CLANG_WARN_OBJC_LITERAL_CONVERSION = YES;
				CLANG_WARN_OBJC_ROOT_CLASS = YES_ERROR;
				CLANG_WARN_RANGE_LOOP_ANALYSIS = YES;
				CLANG_WARN_STRICT_PROTOTYPES = YES;
				CLANG_WARN_SUSPICIOUS_MOVE = YES;
				CLANG_WARN_UNGUARDED_AVAILABILITY = YES_AGGRESSIVE;
				CLANG_WARN_UNREACHABLE_CODE = YES;
				CLANG_WARN__DUPLICATE_METHOD_MATCH = YES;
				COPY_PHASE_STRIP = NO;
				DEBUG_INFORMATION_FORMAT = dwarf;
				ENABLE_STRICT_OBJC_MSGSEND = YES;
				ENABLE_TESTABILITY = YES;
				GCC_C_LANGUAGE_STANDARD = gnu11;
				GCC_DYNAMIC_NO_PIC = NO;
				GCC_NO_COMMON_BLOCKS = YES;
				GCC_OPTIMIZATION_LEVEL = 0;
				GCC_PREPROCESSOR_DEFINITIONS = (
					"DEBUG=1",
					"$(inherited)",
				);
				GCC_WARN_64_TO_32_BIT_CONVERSION = YES;
				GCC_WARN_ABOUT_RETURN_TYPE = YES_ERROR;
				GCC_WARN_UNDECLARED_SELECTOR = YES;
				GCC_WARN_UNINITIALIZED_AUTOS = YES_AGGRESSIVE;
				GCC_WARN_UNUSED_FUNCTION = YES;
				GCC_WARN_UNUSED_VARIABLE = YES;
				IPHONEOS_DEPLOYMENT_TARGET = 13.1;
				MTL_ENABLE_DEBUG_INFO = INCLUDE_SOURCE;
				MTL_FAST_MATH = YES;
				ONLY_ACTIVE_ARCH = YES;
				SDKROOT = iphoneos;
				SWIFT_ACTIVE_COMPILATION_CONDITIONS = DEBUG;
				SWIFT_OPTIMIZATION_LEVEL = "-Onone";
				SWIFT_VERSION = 5.0;
			};
			name = Debug;
		};
		3EB9EDF0249D3283008CB9FB /* Release */ = {
			isa = XCBuildConfiguration;
			buildSettings = {
				ALWAYS_SEARCH_USER_PATHS = NO;
				CLANG_ANALYZER_NONNULL = YES;
				CLANG_ANALYZER_NUMBER_OBJECT_CONVERSION = YES_AGGRESSIVE;
				CLANG_CXX_LANGUAGE_STANDARD = "gnu++14";
				CLANG_CXX_LIBRARY = "libc++";
				CLANG_ENABLE_MODULES = YES;
				CLANG_ENABLE_OBJC_ARC = YES;
				CLANG_ENABLE_OBJC_WEAK = YES;
				CLANG_WARN_BLOCK_CAPTURE_AUTORELEASING = YES;
				CLANG_WARN_BOOL_CONVERSION = YES;
				CLANG_WARN_COMMA = YES;
				CLANG_WARN_CONSTANT_CONVERSION = YES;
				CLANG_WARN_DEPRECATED_OBJC_IMPLEMENTATIONS = YES;
				CLANG_WARN_DIRECT_OBJC_ISA_USAGE = YES_ERROR;
				CLANG_WARN_DOCUMENTATION_COMMENTS = YES;
				CLANG_WARN_EMPTY_BODY = YES;
				CLANG_WARN_ENUM_CONVERSION = YES;
				CLANG_WARN_INFINITE_RECURSION = YES;
				CLANG_WARN_INT_CONVERSION = YES;
				CLANG_WARN_NON_LITERAL_NULL_CONVERSION = YES;
				CLANG_WARN_OBJC_IMPLICIT_RETAIN_SELF = YES;
				CLANG_WARN_OBJC_LITERAL_CONVERSION = YES;
				CLANG_WARN_OBJC_ROOT_CLASS = YES_ERROR;
				CLANG_WARN_RANGE_LOOP_ANALYSIS = YES;
				CLANG_WARN_STRICT_PROTOTYPES = YES;
				CLANG_WARN_SUSPICIOUS_MOVE = YES;
				CLANG_WARN_UNGUARDED_AVAILABILITY = YES_AGGRESSIVE;
				CLANG_WARN_UNREACHABLE_CODE = YES;
				CLANG_WARN__DUPLICATE_METHOD_MATCH = YES;
				COPY_PHASE_STRIP = NO;
				DEBUG_INFORMATION_FORMAT = "dwarf-with-dsym";
				ENABLE_NS_ASSERTIONS = NO;
				ENABLE_STRICT_OBJC_MSGSEND = YES;
				GCC_C_LANGUAGE_STANDARD = gnu11;
				GCC_NO_COMMON_BLOCKS = YES;
				GCC_WARN_64_TO_32_BIT_CONVERSION = YES;
				GCC_WARN_ABOUT_RETURN_TYPE = YES_ERROR;
				GCC_WARN_UNDECLARED_SELECTOR = YES;
				GCC_WARN_UNINITIALIZED_AUTOS = YES_AGGRESSIVE;
				GCC_WARN_UNUSED_FUNCTION = YES;
				GCC_WARN_UNUSED_VARIABLE = YES;
				IPHONEOS_DEPLOYMENT_TARGET = 13.1;
				MTL_ENABLE_DEBUG_INFO = NO;
				MTL_FAST_MATH = YES;
				SDKROOT = iphoneos;
				SWIFT_COMPILATION_MODE = wholemodule;
				SWIFT_OPTIMIZATION_LEVEL = "-O";
				SWIFT_VERSION = 5.0;
				VALIDATE_PRODUCT = YES;
			};
			name = Release;
		};
		3EB9EDF2249D3283008CB9FB /* Debug */ = {
			isa = XCBuildConfiguration;
			buildSettings = {
				ASSETCATALOG_COMPILER_APPICON_NAME = AppIcon;
				CODE_SIGN_STYLE = Automatic;
				DEVELOPMENT_TEAM = 43T49G9FG8;
				INFOPLIST_FILE = NewsApp/Info.plist;
				LD_RUNPATH_SEARCH_PATHS = (
					"$(inherited)",
					"@executable_path/Frameworks",
				);
				PRODUCT_BUNDLE_IDENTIFIER = com.grnk.NewsApp;
				PRODUCT_NAME = "$(TARGET_NAME)";
				SWIFT_VERSION = 5.0;
				TARGETED_DEVICE_FAMILY = 1;
			};
			name = Debug;
		};
		3EB9EDF3249D3283008CB9FB /* Release */ = {
			isa = XCBuildConfiguration;
			buildSettings = {
				ASSETCATALOG_COMPILER_APPICON_NAME = AppIcon;
				CODE_SIGN_STYLE = Automatic;
				DEVELOPMENT_TEAM = 43T49G9FG8;
				INFOPLIST_FILE = NewsApp/Info.plist;
				LD_RUNPATH_SEARCH_PATHS = (
					"$(inherited)",
					"@executable_path/Frameworks",
				);
				PRODUCT_BUNDLE_IDENTIFIER = com.grnk.NewsApp;
				PRODUCT_NAME = "$(TARGET_NAME)";
				SWIFT_VERSION = 5.0;
				TARGETED_DEVICE_FAMILY = 1;
			};
			name = Release;
		};
		3EB9EDF5249D3283008CB9FB /* Debug */ = {
			isa = XCBuildConfiguration;
			buildSettings = {
				ALWAYS_EMBED_SWIFT_STANDARD_LIBRARIES = YES;
				BUNDLE_LOADER = "$(TEST_HOST)";
				CODE_SIGN_STYLE = Automatic;
				DEVELOPMENT_TEAM = 43T49G9FG8;
				INFOPLIST_FILE = NewsAppTests/Info.plist;
				IPHONEOS_DEPLOYMENT_TARGET = 13.1;
				LD_RUNPATH_SEARCH_PATHS = (
					"$(inherited)",
					"@executable_path/Frameworks",
					"@loader_path/Frameworks",
				);
				PRODUCT_BUNDLE_IDENTIFIER = com.grnk.NewsAppTests;
				PRODUCT_NAME = "$(TARGET_NAME)";
				SWIFT_VERSION = 5.0;
				TARGETED_DEVICE_FAMILY = "1,2";
				TEST_HOST = "$(BUILT_PRODUCTS_DIR)/NewsApp.app/NewsApp";
			};
			name = Debug;
		};
		3EB9EDF6249D3283008CB9FB /* Release */ = {
			isa = XCBuildConfiguration;
			buildSettings = {
				ALWAYS_EMBED_SWIFT_STANDARD_LIBRARIES = YES;
				BUNDLE_LOADER = "$(TEST_HOST)";
				CODE_SIGN_STYLE = Automatic;
				DEVELOPMENT_TEAM = 43T49G9FG8;
				INFOPLIST_FILE = NewsAppTests/Info.plist;
				IPHONEOS_DEPLOYMENT_TARGET = 13.1;
				LD_RUNPATH_SEARCH_PATHS = (
					"$(inherited)",
					"@executable_path/Frameworks",
					"@loader_path/Frameworks",
				);
				PRODUCT_BUNDLE_IDENTIFIER = com.grnk.NewsAppTests;
				PRODUCT_NAME = "$(TARGET_NAME)";
				SWIFT_VERSION = 5.0;
				TARGETED_DEVICE_FAMILY = "1,2";
				TEST_HOST = "$(BUILT_PRODUCTS_DIR)/NewsApp.app/NewsApp";
			};
			name = Release;
		};
/* End XCBuildConfiguration section */

/* Begin XCConfigurationList section */
		3EB9EDCA249D3281008CB9FB /* Build configuration list for PBXProject "NewsApp" */ = {
			isa = XCConfigurationList;
			buildConfigurations = (
				3EB9EDEF249D3283008CB9FB /* Debug */,
				3EB9EDF0249D3283008CB9FB /* Release */,
			);
			defaultConfigurationIsVisible = 0;
			defaultConfigurationName = Release;
		};
		3EB9EDF1249D3283008CB9FB /* Build configuration list for PBXNativeTarget "NewsApp" */ = {
			isa = XCConfigurationList;
			buildConfigurations = (
				3EB9EDF2249D3283008CB9FB /* Debug */,
				3EB9EDF3249D3283008CB9FB /* Release */,
			);
			defaultConfigurationIsVisible = 0;
			defaultConfigurationName = Release;
		};
		3EB9EDF4249D3283008CB9FB /* Build configuration list for PBXNativeTarget "NewsAppTests" */ = {
			isa = XCConfigurationList;
			buildConfigurations = (
				3EB9EDF5249D3283008CB9FB /* Debug */,
				3EB9EDF6249D3283008CB9FB /* Release */,
			);
			defaultConfigurationIsVisible = 0;
			defaultConfigurationName = Release;
		};
/* End XCConfigurationList section */
	};
	rootObject = 3EB9EDC7249D3281008CB9FB /* Project object */;
}
